
Microsoft Visual Studio Solution File, Format Version 12.00
# Visual Studio Version 17
VisualStudioVersion = 17.0.31903.59
MinimumVisualStudioVersion = 10.0.40219.1
Project("{2150E333-8FDC-42A3-9474-1A3956D46DE8}") = "libraries", "libraries", "{F2E35B3E-9711-EDEC-6202-DB40BDEED14A}"
EndProject
Project("{FAE04EC0-301F-11D3-BF4B-00C04F79EFBC}") = "SaaS.Utility.Kafka", "libraries\SaaS.Utility.Kafka\SaaS.Utility.Kafka.csproj", "{61660DA7-350D-4290-BFF3-93B96B3CE021}"
EndProject
Project("{2150E333-8FDC-42A3-9474-1A3956D46DE8}") = "microservices", "microservices", "{8A367DDA-5161-A942-4F09-60E4726C9306}"
EndProject
Project("{FAE04EC0-301F-11D3-BF4B-00C04F79EFBC}") = "SaaS.Billing.Shared", "microservices\Billing\SaaS.Billing.Shared\SaaS.Billing.Shared.csproj", "{16A93284-5EFA-40DB-90BD-F6E7E96F9655}"
EndProject
Project("{FAE04EC0-301F-11D3-BF4B-00C04F79EFBC}") = "SaaS.Billing.Repository", "microservices\Billing\SaaS.Billing.Repository\SaaS.Billing.Repository.csproj", "{3524C321-24AB-4F9F-9474-1E10101AD08D}"
EndProject
Project("{FAE04EC0-301F-11D3-BF4B-00C04F79EFBC}") = "SaaS.Billing.Business", "microservices\Billing\SaaS.Billing.Business\SaaS.Billing.Business.csproj", "{5B58FCB3-18B9-405E-AD27-5DED5E39E5C6}"
EndProject
Project("{FAE04EC0-301F-11D3-BF4B-00C04F79EFBC}") = "SaaS.Billing.ClientHttp", "microservices\Billing\SaaS.Billing.ClientHttp\SaaS.Billing.ClientHttp.csproj", "{D89EFAA3-BADC-495E-A2AD-533DE6ED4F2D}"
EndProject
Project("{FAE04EC0-301F-11D3-BF4B-00C04F79EFBC}") = "SaaS.Billing.Api", "microservices\Billing\SaaS.Billing.Api\SaaS.Billing.Api.csproj", "{8F881E6A-95C7-41B9-9588-17BE7AE766C6}"
EndProject
Project("{2150E333-8FDC-42A3-9474-1A3956D46DE8}") = "Provisioning", "Provisioning", "{184B714F-5C6C-E6A7-CD0F-F3EC294AD277}"
EndProject
Project("{FAE04EC0-301F-11D3-BF4B-00C04F79EFBC}") = "SaaS.Provisioning.Shared", "microservices\Provisioning\SaaS.Provisioning.Shared\SaaS.Provisioning.Shared.csproj", "{8CEA6E03-2194-4DE4-9AE2-C58E481B4A3F}"
EndProject
Project("{FAE04EC0-301F-11D3-BF4B-00C04F79EFBC}") = "SaaS.Provisioning.Repository", "microservices\Provisioning\SaaS.Provisioning.Repository\SaaS.Provisioning.Repository.csproj", "{2A104CDB-442D-4FB7-9FB2-31A3F1FE891E}"
EndProject
Project("{FAE04EC0-301F-11D3-BF4B-00C04F79EFBC}") = "SaaS.Provisioning.Business", "microservices\Provisioning\SaaS.Provisioning.Business\SaaS.Provisioning.Business.csproj", "{8CFF9529-985B-470E-A10E-761EC5E191EE}"
EndProject
Project("{FAE04EC0-301F-11D3-BF4B-00C04F79EFBC}") = "SaaS.Provisioning.ClientHttp", "microservices\Provisioning\SaaS.Provisioning.ClientHttp\SaaS.Provisioning.ClientHttp.csproj", "{E64BCBE1-E3A7-4F37-81C6-52820651846A}"
EndProject
Project("{FAE04EC0-301F-11D3-BF4B-00C04F79EFBC}") = "SaaS.Provisioning.Api", "microservices\Provisioning\SaaS.Provisioning.Api\SaaS.Provisioning.Api.csproj", "{A1F60DBC-9A7F-444B-8CD4-A48265C01A1F}"
EndProject
Project("{2150E333-8FDC-42A3-9474-1A3956D46DE8}") = "Notification", "Notification", "{0A5DD24C-022C-ED9C-5A32-26D44E9A4B1B}"
EndProject
Project("{FAE04EC0-301F-11D3-BF4B-00C04F79EFBC}") = "SaaS.Notification.Shared", "microservices\Notification\SaaS.Notification.Shared\SaaS.Notification.Shared.csproj", "{6443D384-373A-4E74-999B-D0A283CAC53D}"
EndProject
Project("{FAE04EC0-301F-11D3-BF4B-00C04F79EFBC}") = "SaaS.Notification.Repository", "microservices\Notification\SaaS.Notification.Repository\SaaS.Notification.Repository.csproj", "{09DC9AC2-3A7C-43F4-BB77-D648353A9D41}"
EndProject
Project("{FAE04EC0-301F-11D3-BF4B-00C04F79EFBC}") = "SaaS.Notification.Business", "microservices\Notification\SaaS.Notification.Business\SaaS.Notification.Business.csproj", "{7CC4659A-B334-409A-B5F1-565FC2C06E0A}"
EndProject
Project("{FAE04EC0-301F-11D3-BF4B-00C04F79EFBC}") = "SaaS.Notification.ClientHttp", "microservices\Notification\SaaS.Notification.ClientHttp\SaaS.Notification.ClientHttp.csproj", "{EC3FC792-9764-4573-9028-CAB48ECCD914}"
EndProject
Project("{FAE04EC0-301F-11D3-BF4B-00C04F79EFBC}") = "SaaS.Notification.Api", "microservices\Notification\SaaS.Notification.Api\SaaS.Notification.Api.csproj", "{DABAD5E6-2DE4-4763-86FF-ADD0C7DD2B9B}"
EndProject
Project("{2150E333-8FDC-42A3-9474-1A3956D46DE8}") = "Orchestrator", "Orchestrator", "{3685BDA9-B8B9-415F-B84C-41E6AB2A35DC}"
EndProject
Project("{FAE04EC0-301F-11D3-BF4B-00C04F79EFBC}") = "SaaS.Orchestrator.Shared", "microservices\Orchestrator\SaaS.Orchestrator.Shared\SaaS.Orchestrator.Shared.csproj", "{68B06036-516C-41BB-8939-9A8ACEE33728}"
EndProject
Project("{FAE04EC0-301F-11D3-BF4B-00C04F79EFBC}") = "SaaS.Orchestrator.Repository", "microservices\Orchestrator\SaaS.Orchestrator.Repository\SaaS.Orchestrator.Repository.csproj", "{B72F819B-5A44-4A3F-BB88-0D2F4E41062E}"
EndProject
Project("{FAE04EC0-301F-11D3-BF4B-00C04F79EFBC}") = "SaaS.Orchestrator.Business", "microservices\Orchestrator\SaaS.Orchestrator.Business\SaaS.Orchestrator.Business.csproj", "{B1F46DF8-1805-492C-8AD5-2343912AA50C}"
EndProject
Project("{FAE04EC0-301F-11D3-BF4B-00C04F79EFBC}") = "SaaS.Orchestrator.Api", "microservices\Orchestrator\SaaS.Orchestrator.Api\SaaS.Orchestrator.Api.csproj", "{E1D73D08-4B1C-42BD-B65D-25D90ECDBE45}"
EndProject
Project("{FAE04EC0-301F-11D3-BF4B-00C04F79EFBC}") = "SaaS.Orchestrator.ClientHttp", "microservices\Orchestrator\SaaS.Orchestrator.ClientHttp\SaaS.Orchestrator.ClientHttp.csproj", "{318C05A0-6EDC-4E52-A563-A329B05E4FE4}"
EndProject
Project("{2150E333-8FDC-42A3-9474-1A3956D46DE8}") = "Billing", "Billing", "{1008605C-481D-D2CD-4FAD-CA3FBDA520D2}"
EndProject
Global
	GlobalSection(SolutionConfigurationPlatforms) = preSolution
		Debug|Any CPU = Debug|Any CPU
		Debug|x64 = Debug|x64
		Debug|x86 = Debug|x86
		Release|Any CPU = Release|Any CPU
		Release|x64 = Release|x64
		Release|x86 = Release|x86
	EndGlobalSection
	GlobalSection(ProjectConfigurationPlatforms) = postSolution
		{61660DA7-350D-4290-BFF3-93B96B3CE021}.Debug|Any CPU.ActiveCfg = Debug|Any CPU
		{61660DA7-350D-4290-BFF3-93B96B3CE021}.Debug|Any CPU.Build.0 = Debug|Any CPU
		{61660DA7-350D-4290-BFF3-93B96B3CE021}.Debug|x64.ActiveCfg = Debug|Any CPU
		{61660DA7-350D-4290-BFF3-93B96B3CE021}.Debug|x64.Build.0 = Debug|Any CPU
		{61660DA7-350D-4290-BFF3-93B96B3CE021}.Debug|x86.ActiveCfg = Debug|Any CPU
		{61660DA7-350D-4290-BFF3-93B96B3CE021}.Debug|x86.Build.0 = Debug|Any CPU
		{61660DA7-350D-4290-BFF3-93B96B3CE021}.Release|Any CPU.ActiveCfg = Release|Any CPU
		{61660DA7-350D-4290-BFF3-93B96B3CE021}.Release|Any CPU.Build.0 = Release|Any CPU
		{61660DA7-350D-4290-BFF3-93B96B3CE021}.Release|x64.ActiveCfg = Release|Any CPU
		{61660DA7-350D-4290-BFF3-93B96B3CE021}.Release|x64.Build.0 = Release|Any CPU
		{61660DA7-350D-4290-BFF3-93B96B3CE021}.Release|x86.ActiveCfg = Release|Any CPU
		{61660DA7-350D-4290-BFF3-93B96B3CE021}.Release|x86.Build.0 = Release|Any CPU
		{16A93284-5EFA-40DB-90BD-F6E7E96F9655}.Debug|Any CPU.ActiveCfg = Debug|Any CPU
		{16A93284-5EFA-40DB-90BD-F6E7E96F9655}.Debug|Any CPU.Build.0 = Debug|Any CPU
		{16A93284-5EFA-40DB-90BD-F6E7E96F9655}.Debug|x64.ActiveCfg = Debug|Any CPU
		{16A93284-5EFA-40DB-90BD-F6E7E96F9655}.Debug|x64.Build.0 = Debug|Any CPU
		{16A93284-5EFA-40DB-90BD-F6E7E96F9655}.Debug|x86.ActiveCfg = Debug|Any CPU
		{16A93284-5EFA-40DB-90BD-F6E7E96F9655}.Debug|x86.Build.0 = Debug|Any CPU
		{16A93284-5EFA-40DB-90BD-F6E7E96F9655}.Release|Any CPU.ActiveCfg = Release|Any CPU
		{16A93284-5EFA-40DB-90BD-F6E7E96F9655}.Release|Any CPU.Build.0 = Release|Any CPU
		{16A93284-5EFA-40DB-90BD-F6E7E96F9655}.Release|x64.ActiveCfg = Release|Any CPU
		{16A93284-5EFA-40DB-90BD-F6E7E96F9655}.Release|x64.Build.0 = Release|Any CPU
		{16A93284-5EFA-40DB-90BD-F6E7E96F9655}.Release|x86.ActiveCfg = Release|Any CPU
		{16A93284-5EFA-40DB-90BD-F6E7E96F9655}.Release|x86.Build.0 = Release|Any CPU
		{3524C321-24AB-4F9F-9474-1E10101AD08D}.Debug|Any CPU.ActiveCfg = Debug|Any CPU
		{3524C321-24AB-4F9F-9474-1E10101AD08D}.Debug|Any CPU.Build.0 = Debug|Any CPU
		{3524C321-24AB-4F9F-9474-1E10101AD08D}.Debug|x64.ActiveCfg = Debug|Any CPU
		{3524C321-24AB-4F9F-9474-1E10101AD08D}.Debug|x64.Build.0 = Debug|Any CPU
		{3524C321-24AB-4F9F-9474-1E10101AD08D}.Debug|x86.ActiveCfg = Debug|Any CPU
		{3524C321-24AB-4F9F-9474-1E10101AD08D}.Debug|x86.Build.0 = Debug|Any CPU
		{3524C321-24AB-4F9F-9474-1E10101AD08D}.Release|Any CPU.ActiveCfg = Release|Any CPU
		{3524C321-24AB-4F9F-9474-1E10101AD08D}.Release|Any CPU.Build.0 = Release|Any CPU
		{3524C321-24AB-4F9F-9474-1E10101AD08D}.Release|x64.ActiveCfg = Release|Any CPU
		{3524C321-24AB-4F9F-9474-1E10101AD08D}.Release|x64.Build.0 = Release|Any CPU
		{3524C321-24AB-4F9F-9474-1E10101AD08D}.Release|x86.ActiveCfg = Release|Any CPU
		{3524C321-24AB-4F9F-9474-1E10101AD08D}.Release|x86.Build.0 = Release|Any CPU
		{5B58FCB3-18B9-405E-AD27-5DED5E39E5C6}.Debug|Any CPU.ActiveCfg = Debug|Any CPU
		{5B58FCB3-18B9-405E-AD27-5DED5E39E5C6}.Debug|Any CPU.Build.0 = Debug|Any CPU
		{5B58FCB3-18B9-405E-AD27-5DED5E39E5C6}.Debug|x64.ActiveCfg = Debug|Any CPU
		{5B58FCB3-18B9-405E-AD27-5DED5E39E5C6}.Debug|x64.Build.0 = Debug|Any CPU
		{5B58FCB3-18B9-405E-AD27-5DED5E39E5C6}.Debug|x86.ActiveCfg = Debug|Any CPU
		{5B58FCB3-18B9-405E-AD27-5DED5E39E5C6}.Debug|x86.Build.0 = Debug|Any CPU
		{5B58FCB3-18B9-405E-AD27-5DED5E39E5C6}.Release|Any CPU.ActiveCfg = Release|Any CPU
		{5B58FCB3-18B9-405E-AD27-5DED5E39E5C6}.Release|Any CPU.Build.0 = Release|Any CPU
		{5B58FCB3-18B9-405E-AD27-5DED5E39E5C6}.Release|x64.ActiveCfg = Release|Any CPU
		{5B58FCB3-18B9-405E-AD27-5DED5E39E5C6}.Release|x64.Build.0 = Release|Any CPU
		{5B58FCB3-18B9-405E-AD27-5DED5E39E5C6}.Release|x86.ActiveCfg = Release|Any CPU
		{5B58FCB3-18B9-405E-AD27-5DED5E39E5C6}.Release|x86.Build.0 = Release|Any CPU
		{D89EFAA3-BADC-495E-A2AD-533DE6ED4F2D}.Debug|Any CPU.ActiveCfg = Debug|Any CPU
		{D89EFAA3-BADC-495E-A2AD-533DE6ED4F2D}.Debug|Any CPU.Build.0 = Debug|Any CPU
		{D89EFAA3-BADC-495E-A2AD-533DE6ED4F2D}.Debug|x64.ActiveCfg = Debug|Any CPU
		{D89EFAA3-BADC-495E-A2AD-533DE6ED4F2D}.Debug|x64.Build.0 = Debug|Any CPU
		{D89EFAA3-BADC-495E-A2AD-533DE6ED4F2D}.Debug|x86.ActiveCfg = Debug|Any CPU
		{D89EFAA3-BADC-495E-A2AD-533DE6ED4F2D}.Debug|x86.Build.0 = Debug|Any CPU
		{D89EFAA3-BADC-495E-A2AD-533DE6ED4F2D}.Release|Any CPU.ActiveCfg = Release|Any CPU
		{D89EFAA3-BADC-495E-A2AD-533DE6ED4F2D}.Release|Any CPU.Build.0 = Release|Any CPU
		{D89EFAA3-BADC-495E-A2AD-533DE6ED4F2D}.Release|x64.ActiveCfg = Release|Any CPU
		{D89EFAA3-BADC-495E-A2AD-533DE6ED4F2D}.Release|x64.Build.0 = Release|Any CPU
		{D89EFAA3-BADC-495E-A2AD-533DE6ED4F2D}.Release|x86.ActiveCfg = Release|Any CPU
		{D89EFAA3-BADC-495E-A2AD-533DE6ED4F2D}.Release|x86.Build.0 = Release|Any CPU
		{8F881E6A-95C7-41B9-9588-17BE7AE766C6}.Debug|Any CPU.ActiveCfg = Debug|Any CPU
		{8F881E6A-95C7-41B9-9588-17BE7AE766C6}.Debug|Any CPU.Build.0 = Debug|Any CPU
		{8F881E6A-95C7-41B9-9588-17BE7AE766C6}.Debug|x64.ActiveCfg = Debug|Any CPU
		{8F881E6A-95C7-41B9-9588-17BE7AE766C6}.Debug|x64.Build.0 = Debug|Any CPU
		{8F881E6A-95C7-41B9-9588-17BE7AE766C6}.Debug|x86.ActiveCfg = Debug|Any CPU
		{8F881E6A-95C7-41B9-9588-17BE7AE766C6}.Debug|x86.Build.0 = Debug|Any CPU
		{8F881E6A-95C7-41B9-9588-17BE7AE766C6}.Release|Any CPU.ActiveCfg = Release|Any CPU
		{8F881E6A-95C7-41B9-9588-17BE7AE766C6}.Release|Any CPU.Build.0 = Release|Any CPU
		{8F881E6A-95C7-41B9-9588-17BE7AE766C6}.Release|x64.ActiveCfg = Release|Any CPU
		{8F881E6A-95C7-41B9-9588-17BE7AE766C6}.Release|x64.Build.0 = Release|Any CPU
		{8F881E6A-95C7-41B9-9588-17BE7AE766C6}.Release|x86.ActiveCfg = Release|Any CPU
		{8F881E6A-95C7-41B9-9588-17BE7AE766C6}.Release|x86.Build.0 = Release|Any CPU
		{8CEA6E03-2194-4DE4-9AE2-C58E481B4A3F}.Debug|Any CPU.ActiveCfg = Debug|Any CPU
		{8CEA6E03-2194-4DE4-9AE2-C58E481B4A3F}.Debug|Any CPU.Build.0 = Debug|Any CPU
		{8CEA6E03-2194-4DE4-9AE2-C58E481B4A3F}.Debug|x64.ActiveCfg = Debug|Any CPU
		{8CEA6E03-2194-4DE4-9AE2-C58E481B4A3F}.Debug|x64.Build.0 = Debug|Any CPU
		{8CEA6E03-2194-4DE4-9AE2-C58E481B4A3F}.Debug|x86.ActiveCfg = Debug|Any CPU
		{8CEA6E03-2194-4DE4-9AE2-C58E481B4A3F}.Debug|x86.Build.0 = Debug|Any CPU
		{8CEA6E03-2194-4DE4-9AE2-C58E481B4A3F}.Release|Any CPU.ActiveCfg = Release|Any CPU
		{8CEA6E03-2194-4DE4-9AE2-C58E481B4A3F}.Release|Any CPU.Build.0 = Release|Any CPU
		{8CEA6E03-2194-4DE4-9AE2-C58E481B4A3F}.Release|x64.ActiveCfg = Release|Any CPU
		{8CEA6E03-2194-4DE4-9AE2-C58E481B4A3F}.Release|x64.Build.0 = Release|Any CPU
		{8CEA6E03-2194-4DE4-9AE2-C58E481B4A3F}.Release|x86.ActiveCfg = Release|Any CPU
		{8CEA6E03-2194-4DE4-9AE2-C58E481B4A3F}.Release|x86.Build.0 = Release|Any CPU
		{2A104CDB-442D-4FB7-9FB2-31A3F1FE891E}.Debug|Any CPU.ActiveCfg = Debug|Any CPU
		{2A104CDB-442D-4FB7-9FB2-31A3F1FE891E}.Debug|Any CPU.Build.0 = Debug|Any CPU
		{2A104CDB-442D-4FB7-9FB2-31A3F1FE891E}.Debug|x64.ActiveCfg = Debug|Any CPU
		{2A104CDB-442D-4FB7-9FB2-31A3F1FE891E}.Debug|x64.Build.0 = Debug|Any CPU
		{2A104CDB-442D-4FB7-9FB2-31A3F1FE891E}.Debug|x86.ActiveCfg = Debug|Any CPU
		{2A104CDB-442D-4FB7-9FB2-31A3F1FE891E}.Debug|x86.Build.0 = Debug|Any CPU
		{2A104CDB-442D-4FB7-9FB2-31A3F1FE891E}.Release|Any CPU.ActiveCfg = Release|Any CPU
		{2A104CDB-442D-4FB7-9FB2-31A3F1FE891E}.Release|Any CPU.Build.0 = Release|Any CPU
		{2A104CDB-442D-4FB7-9FB2-31A3F1FE891E}.Release|x64.ActiveCfg = Release|Any CPU
		{2A104CDB-442D-4FB7-9FB2-31A3F1FE891E}.Release|x64.Build.0 = Release|Any CPU
		{2A104CDB-442D-4FB7-9FB2-31A3F1FE891E}.Release|x86.ActiveCfg = Release|Any CPU
		{2A104CDB-442D-4FB7-9FB2-31A3F1FE891E}.Release|x86.Build.0 = Release|Any CPU
		{8CFF9529-985B-470E-A10E-761EC5E191EE}.Debug|Any CPU.ActiveCfg = Debug|Any CPU
		{8CFF9529-985B-470E-A10E-761EC5E191EE}.Debug|Any CPU.Build.0 = Debug|Any CPU
		{8CFF9529-985B-470E-A10E-761EC5E191EE}.Debug|x64.ActiveCfg = Debug|Any CPU
		{8CFF9529-985B-470E-A10E-761EC5E191EE}.Debug|x64.Build.0 = Debug|Any CPU
		{8CFF9529-985B-470E-A10E-761EC5E191EE}.Debug|x86.ActiveCfg = Debug|Any CPU
		{8CFF9529-985B-470E-A10E-761EC5E191EE}.Debug|x86.Build.0 = Debug|Any CPU
		{8CFF9529-985B-470E-A10E-761EC5E191EE}.Release|Any CPU.ActiveCfg = Release|Any CPU
		{8CFF9529-985B-470E-A10E-761EC5E191EE}.Release|Any CPU.Build.0 = Release|Any CPU
		{8CFF9529-985B-470E-A10E-761EC5E191EE}.Release|x64.ActiveCfg = Release|Any CPU
		{8CFF9529-985B-470E-A10E-761EC5E191EE}.Release|x64.Build.0 = Release|Any CPU
		{8CFF9529-985B-470E-A10E-761EC5E191EE}.Release|x86.ActiveCfg = Release|Any CPU
		{8CFF9529-985B-470E-A10E-761EC5E191EE}.Release|x86.Build.0 = Release|Any CPU
		{E64BCBE1-E3A7-4F37-81C6-52820651846A}.Debug|Any CPU.ActiveCfg = Debug|Any CPU
		{E64BCBE1-E3A7-4F37-81C6-52820651846A}.Debug|Any CPU.Build.0 = Debug|Any CPU
		{E64BCBE1-E3A7-4F37-81C6-52820651846A}.Debug|x64.ActiveCfg = Debug|Any CPU
		{E64BCBE1-E3A7-4F37-81C6-52820651846A}.Debug|x64.Build.0 = Debug|Any CPU
		{E64BCBE1-E3A7-4F37-81C6-52820651846A}.Debug|x86.ActiveCfg = Debug|Any CPU
		{E64BCBE1-E3A7-4F37-81C6-52820651846A}.Debug|x86.Build.0 = Debug|Any CPU
		{E64BCBE1-E3A7-4F37-81C6-52820651846A}.Release|Any CPU.ActiveCfg = Release|Any CPU
		{E64BCBE1-E3A7-4F37-81C6-52820651846A}.Release|Any CPU.Build.0 = Release|Any CPU
		{E64BCBE1-E3A7-4F37-81C6-52820651846A}.Release|x64.ActiveCfg = Release|Any CPU
		{E64BCBE1-E3A7-4F37-81C6-52820651846A}.Release|x64.Build.0 = Release|Any CPU
		{E64BCBE1-E3A7-4F37-81C6-52820651846A}.Release|x86.ActiveCfg = Release|Any CPU
		{E64BCBE1-E3A7-4F37-81C6-52820651846A}.Release|x86.Build.0 = Release|Any CPU
		{A1F60DBC-9A7F-444B-8CD4-A48265C01A1F}.Debug|Any CPU.ActiveCfg = Debug|Any CPU
		{A1F60DBC-9A7F-444B-8CD4-A48265C01A1F}.Debug|Any CPU.Build.0 = Debug|Any CPU
		{A1F60DBC-9A7F-444B-8CD4-A48265C01A1F}.Debug|x64.ActiveCfg = Debug|Any CPU
		{A1F60DBC-9A7F-444B-8CD4-A48265C01A1F}.Debug|x64.Build.0 = Debug|Any CPU
		{A1F60DBC-9A7F-444B-8CD4-A48265C01A1F}.Debug|x86.ActiveCfg = Debug|Any CPU
		{A1F60DBC-9A7F-444B-8CD4-A48265C01A1F}.Debug|x86.Build.0 = Debug|Any CPU
		{A1F60DBC-9A7F-444B-8CD4-A48265C01A1F}.Release|Any CPU.ActiveCfg = Release|Any CPU
		{A1F60DBC-9A7F-444B-8CD4-A48265C01A1F}.Release|Any CPU.Build.0 = Release|Any CPU
		{A1F60DBC-9A7F-444B-8CD4-A48265C01A1F}.Release|x64.ActiveCfg = Release|Any CPU
		{A1F60DBC-9A7F-444B-8CD4-A48265C01A1F}.Release|x64.Build.0 = Release|Any CPU
		{A1F60DBC-9A7F-444B-8CD4-A48265C01A1F}.Release|x86.ActiveCfg = Release|Any CPU
		{A1F60DBC-9A7F-444B-8CD4-A48265C01A1F}.Release|x86.Build.0 = Release|Any CPU
		{6443D384-373A-4E74-999B-D0A283CAC53D}.Debug|Any CPU.ActiveCfg = Debug|Any CPU
		{6443D384-373A-4E74-999B-D0A283CAC53D}.Debug|Any CPU.Build.0 = Debug|Any CPU
		{6443D384-373A-4E74-999B-D0A283CAC53D}.Debug|x64.ActiveCfg = Debug|Any CPU
		{6443D384-373A-4E74-999B-D0A283CAC53D}.Debug|x64.Build.0 = Debug|Any CPU
		{6443D384-373A-4E74-999B-D0A283CAC53D}.Debug|x86.ActiveCfg = Debug|Any CPU
		{6443D384-373A-4E74-999B-D0A283CAC53D}.Debug|x86.Build.0 = Debug|Any CPU
		{6443D384-373A-4E74-999B-D0A283CAC53D}.Release|Any CPU.ActiveCfg = Release|Any CPU
		{6443D384-373A-4E74-999B-D0A283CAC53D}.Release|Any CPU.Build.0 = Release|Any CPU
		{6443D384-373A-4E74-999B-D0A283CAC53D}.Release|x64.ActiveCfg = Release|Any CPU
		{6443D384-373A-4E74-999B-D0A283CAC53D}.Release|x64.Build.0 = Release|Any CPU
		{6443D384-373A-4E74-999B-D0A283CAC53D}.Release|x86.ActiveCfg = Release|Any CPU
		{6443D384-373A-4E74-999B-D0A283CAC53D}.Release|x86.Build.0 = Release|Any CPU
		{09DC9AC2-3A7C-43F4-BB77-D648353A9D41}.Debug|Any CPU.ActiveCfg = Debug|Any CPU
		{09DC9AC2-3A7C-43F4-BB77-D648353A9D41}.Debug|Any CPU.Build.0 = Debug|Any CPU
		{09DC9AC2-3A7C-43F4-BB77-D648353A9D41}.Debug|x64.ActiveCfg = Debug|Any CPU
		{09DC9AC2-3A7C-43F4-BB77-D648353A9D41}.Debug|x64.Build.0 = Debug|Any CPU
		{09DC9AC2-3A7C-43F4-BB77-D648353A9D41}.Debug|x86.ActiveCfg = Debug|Any CPU
		{09DC9AC2-3A7C-43F4-BB77-D648353A9D41}.Debug|x86.Build.0 = Debug|Any CPU
		{09DC9AC2-3A7C-43F4-BB77-D648353A9D41}.Release|Any CPU.ActiveCfg = Release|Any CPU
		{09DC9AC2-3A7C-43F4-BB77-D648353A9D41}.Release|Any CPU.Build.0 = Release|Any CPU
		{09DC9AC2-3A7C-43F4-BB77-D648353A9D41}.Release|x64.ActiveCfg = Release|Any CPU
		{09DC9AC2-3A7C-43F4-BB77-D648353A9D41}.Release|x64.Build.0 = Release|Any CPU
		{09DC9AC2-3A7C-43F4-BB77-D648353A9D41}.Release|x86.ActiveCfg = Release|Any CPU
		{09DC9AC2-3A7C-43F4-BB77-D648353A9D41}.Release|x86.Build.0 = Release|Any CPU
		{7CC4659A-B334-409A-B5F1-565FC2C06E0A}.Debug|Any CPU.ActiveCfg = Debug|Any CPU
		{7CC4659A-B334-409A-B5F1-565FC2C06E0A}.Debug|Any CPU.Build.0 = Debug|Any CPU
		{7CC4659A-B334-409A-B5F1-565FC2C06E0A}.Debug|x64.ActiveCfg = Debug|Any CPU
		{7CC4659A-B334-409A-B5F1-565FC2C06E0A}.Debug|x64.Build.0 = Debug|Any CPU
		{7CC4659A-B334-409A-B5F1-565FC2C06E0A}.Debug|x86.ActiveCfg = Debug|Any CPU
		{7CC4659A-B334-409A-B5F1-565FC2C06E0A}.Debug|x86.Build.0 = Debug|Any CPU
		{7CC4659A-B334-409A-B5F1-565FC2C06E0A}.Release|Any CPU.ActiveCfg = Release|Any CPU
		{7CC4659A-B334-409A-B5F1-565FC2C06E0A}.Release|Any CPU.Build.0 = Release|Any CPU
		{7CC4659A-B334-409A-B5F1-565FC2C06E0A}.Release|x64.ActiveCfg = Release|Any CPU
		{7CC4659A-B334-409A-B5F1-565FC2C06E0A}.Release|x64.Build.0 = Release|Any CPU
		{7CC4659A-B334-409A-B5F1-565FC2C06E0A}.Release|x86.ActiveCfg = Release|Any CPU
		{7CC4659A-B334-409A-B5F1-565FC2C06E0A}.Release|x86.Build.0 = Release|Any CPU
		{EC3FC792-9764-4573-9028-CAB48ECCD914}.Debug|Any CPU.ActiveCfg = Debug|Any CPU
		{EC3FC792-9764-4573-9028-CAB48ECCD914}.Debug|Any CPU.Build.0 = Debug|Any CPU
		{EC3FC792-9764-4573-9028-CAB48ECCD914}.Debug|x64.ActiveCfg = Debug|Any CPU
		{EC3FC792-9764-4573-9028-CAB48ECCD914}.Debug|x64.Build.0 = Debug|Any CPU
		{EC3FC792-9764-4573-9028-CAB48ECCD914}.Debug|x86.ActiveCfg = Debug|Any CPU
		{EC3FC792-9764-4573-9028-CAB48ECCD914}.Debug|x86.Build.0 = Debug|Any CPU
		{EC3FC792-9764-4573-9028-CAB48ECCD914}.Release|Any CPU.ActiveCfg = Release|Any CPU
		{EC3FC792-9764-4573-9028-CAB48ECCD914}.Release|Any CPU.Build.0 = Release|Any CPU
		{EC3FC792-9764-4573-9028-CAB48ECCD914}.Release|x64.ActiveCfg = Release|Any CPU
		{EC3FC792-9764-4573-9028-CAB48ECCD914}.Release|x64.Build.0 = Release|Any CPU
		{EC3FC792-9764-4573-9028-CAB48ECCD914}.Release|x86.ActiveCfg = Release|Any CPU
		{EC3FC792-9764-4573-9028-CAB48ECCD914}.Release|x86.Build.0 = Release|Any CPU
		{DABAD5E6-2DE4-4763-86FF-ADD0C7DD2B9B}.Debug|Any CPU.ActiveCfg = Debug|Any CPU
		{DABAD5E6-2DE4-4763-86FF-ADD0C7DD2B9B}.Debug|Any CPU.Build.0 = Debug|Any CPU
		{DABAD5E6-2DE4-4763-86FF-ADD0C7DD2B9B}.Debug|x64.ActiveCfg = Debug|Any CPU
		{DABAD5E6-2DE4-4763-86FF-ADD0C7DD2B9B}.Debug|x64.Build.0 = Debug|Any CPU
		{DABAD5E6-2DE4-4763-86FF-ADD0C7DD2B9B}.Debug|x86.ActiveCfg = Debug|Any CPU
		{DABAD5E6-2DE4-4763-86FF-ADD0C7DD2B9B}.Debug|x86.Build.0 = Debug|Any CPU
		{DABAD5E6-2DE4-4763-86FF-ADD0C7DD2B9B}.Release|Any CPU.ActiveCfg = Release|Any CPU
		{DABAD5E6-2DE4-4763-86FF-ADD0C7DD2B9B}.Release|Any CPU.Build.0 = Release|Any CPU
		{DABAD5E6-2DE4-4763-86FF-ADD0C7DD2B9B}.Release|x64.ActiveCfg = Release|Any CPU
		{DABAD5E6-2DE4-4763-86FF-ADD0C7DD2B9B}.Release|x64.Build.0 = Release|Any CPU
		{DABAD5E6-2DE4-4763-86FF-ADD0C7DD2B9B}.Release|x86.ActiveCfg = Release|Any CPU
		{DABAD5E6-2DE4-4763-86FF-ADD0C7DD2B9B}.Release|x86.Build.0 = Release|Any CPU
		{68B06036-516C-41BB-8939-9A8ACEE33728}.Debug|Any CPU.ActiveCfg = Debug|Any CPU
		{68B06036-516C-41BB-8939-9A8ACEE33728}.Debug|Any CPU.Build.0 = Debug|Any CPU
		{68B06036-516C-41BB-8939-9A8ACEE33728}.Debug|x64.ActiveCfg = Debug|Any CPU
		{68B06036-516C-41BB-8939-9A8ACEE33728}.Debug|x64.Build.0 = Debug|Any CPU
		{68B06036-516C-41BB-8939-9A8ACEE33728}.Debug|x86.ActiveCfg = Debug|Any CPU
		{68B06036-516C-41BB-8939-9A8ACEE33728}.Debug|x86.Build.0 = Debug|Any CPU
		{68B06036-516C-41BB-8939-9A8ACEE33728}.Release|Any CPU.ActiveCfg = Release|Any CPU
		{68B06036-516C-41BB-8939-9A8ACEE33728}.Release|Any CPU.Build.0 = Release|Any CPU
		{68B06036-516C-41BB-8939-9A8ACEE33728}.Release|x64.ActiveCfg = Release|Any CPU
		{68B06036-516C-41BB-8939-9A8ACEE33728}.Release|x64.Build.0 = Release|Any CPU
		{68B06036-516C-41BB-8939-9A8ACEE33728}.Release|x86.ActiveCfg = Release|Any CPU
		{68B06036-516C-41BB-8939-9A8ACEE33728}.Release|x86.Build.0 = Release|Any CPU
		{B72F819B-5A44-4A3F-BB88-0D2F4E41062E}.Debug|Any CPU.ActiveCfg = Debug|Any CPU
		{B72F819B-5A44-4A3F-BB88-0D2F4E41062E}.Debug|Any CPU.Build.0 = Debug|Any CPU
		{B72F819B-5A44-4A3F-BB88-0D2F4E41062E}.Debug|x64.ActiveCfg = Debug|Any CPU
		{B72F819B-5A44-4A3F-BB88-0D2F4E41062E}.Debug|x64.Build.0 = Debug|Any CPU
		{B72F819B-5A44-4A3F-BB88-0D2F4E41062E}.Debug|x86.ActiveCfg = Debug|Any CPU
		{B72F819B-5A44-4A3F-BB88-0D2F4E41062E}.Debug|x86.Build.0 = Debug|Any CPU
		{B72F819B-5A44-4A3F-BB88-0D2F4E41062E}.Release|Any CPU.ActiveCfg = Release|Any CPU
		{B72F819B-5A44-4A3F-BB88-0D2F4E41062E}.Release|Any CPU.Build.0 = Release|Any CPU
		{B72F819B-5A44-4A3F-BB88-0D2F4E41062E}.Release|x64.ActiveCfg = Release|Any CPU
		{B72F819B-5A44-4A3F-BB88-0D2F4E41062E}.Release|x64.Build.0 = Release|Any CPU
		{B72F819B-5A44-4A3F-BB88-0D2F4E41062E}.Release|x86.ActiveCfg = Release|Any CPU
		{B72F819B-5A44-4A3F-BB88-0D2F4E41062E}.Release|x86.Build.0 = Release|Any CPU
		{B1F46DF8-1805-492C-8AD5-2343912AA50C}.Debug|Any CPU.ActiveCfg = Debug|Any CPU
		{B1F46DF8-1805-492C-8AD5-2343912AA50C}.Debug|Any CPU.Build.0 = Debug|Any CPU
		{B1F46DF8-1805-492C-8AD5-2343912AA50C}.Debug|x64.ActiveCfg = Debug|Any CPU
		{B1F46DF8-1805-492C-8AD5-2343912AA50C}.Debug|x64.Build.0 = Debug|Any CPU
		{B1F46DF8-1805-492C-8AD5-2343912AA50C}.Debug|x86.ActiveCfg = Debug|Any CPU
		{B1F46DF8-1805-492C-8AD5-2343912AA50C}.Debug|x86.Build.0 = Debug|Any CPU
		{B1F46DF8-1805-492C-8AD5-2343912AA50C}.Release|Any CPU.ActiveCfg = Release|Any CPU
		{B1F46DF8-1805-492C-8AD5-2343912AA50C}.Release|Any CPU.Build.0 = Release|Any CPU
		{B1F46DF8-1805-492C-8AD5-2343912AA50C}.Release|x64.ActiveCfg = Release|Any CPU
		{B1F46DF8-1805-492C-8AD5-2343912AA50C}.Release|x64.Build.0 = Release|Any CPU
		{B1F46DF8-1805-492C-8AD5-2343912AA50C}.Release|x86.ActiveCfg = Release|Any CPU
		{B1F46DF8-1805-492C-8AD5-2343912AA50C}.Release|x86.Build.0 = Release|Any CPU
		{E1D73D08-4B1C-42BD-B65D-25D90ECDBE45}.Debug|Any CPU.ActiveCfg = Debug|Any CPU
		{E1D73D08-4B1C-42BD-B65D-25D90ECDBE45}.Debug|Any CPU.Build.0 = Debug|Any CPU
		{E1D73D08-4B1C-42BD-B65D-25D90ECDBE45}.Debug|x64.ActiveCfg = Debug|Any CPU
		{E1D73D08-4B1C-42BD-B65D-25D90ECDBE45}.Debug|x64.Build.0 = Debug|Any CPU
		{E1D73D08-4B1C-42BD-B65D-25D90ECDBE45}.Debug|x86.ActiveCfg = Debug|Any CPU
		{E1D73D08-4B1C-42BD-B65D-25D90ECDBE45}.Debug|x86.Build.0 = Debug|Any CPU
		{E1D73D08-4B1C-42BD-B65D-25D90ECDBE45}.Release|Any CPU.ActiveCfg = Release|Any CPU
		{E1D73D08-4B1C-42BD-B65D-25D90ECDBE45}.Release|Any CPU.Build.0 = Release|Any CPU
		{E1D73D08-4B1C-42BD-B65D-25D90ECDBE45}.Release|x64.ActiveCfg = Release|Any CPU
		{E1D73D08-4B1C-42BD-B65D-25D90ECDBE45}.Release|x64.Build.0 = Release|Any CPU
		{E1D73D08-4B1C-42BD-B65D-25D90ECDBE45}.Release|x86.ActiveCfg = Release|Any CPU
		{E1D73D08-4B1C-42BD-B65D-25D90ECDBE45}.Release|x86.Build.0 = Release|Any CPU
		{318C05A0-6EDC-4E52-A563-A329B05E4FE4}.Debug|Any CPU.ActiveCfg = Debug|Any CPU
		{318C05A0-6EDC-4E52-A563-A329B05E4FE4}.Debug|Any CPU.Build.0 = Debug|Any CPU
		{318C05A0-6EDC-4E52-A563-A329B05E4FE4}.Debug|x64.ActiveCfg = Debug|Any CPU
		{318C05A0-6EDC-4E52-A563-A329B05E4FE4}.Debug|x64.Build.0 = Debug|Any CPU
		{318C05A0-6EDC-4E52-A563-A329B05E4FE4}.Debug|x86.ActiveCfg = Debug|Any CPU
		{318C05A0-6EDC-4E52-A563-A329B05E4FE4}.Debug|x86.Build.0 = Debug|Any CPU
		{318C05A0-6EDC-4E52-A563-A329B05E4FE4}.Release|Any CPU.ActiveCfg = Release|Any CPU
		{318C05A0-6EDC-4E52-A563-A329B05E4FE4}.Release|Any CPU.Build.0 = Release|Any CPU
		{318C05A0-6EDC-4E52-A563-A329B05E4FE4}.Release|x64.ActiveCfg = Release|Any CPU
		{318C05A0-6EDC-4E52-A563-A329B05E4FE4}.Release|x64.Build.0 = Release|Any CPU
		{318C05A0-6EDC-4E52-A563-A329B05E4FE4}.Release|x86.ActiveCfg = Release|Any CPU
		{318C05A0-6EDC-4E52-A563-A329B05E4FE4}.Release|x86.Build.0 = Release|Any CPU
	EndGlobalSection
	GlobalSection(SolutionProperties) = preSolution
		HideSolutionNode = FALSE
	EndGlobalSection
	GlobalSection(NestedProjects) = preSolution
		{61660DA7-350D-4290-BFF3-93B96B3CE021} = {F2E35B3E-9711-EDEC-6202-DB40BDEED14A}
		{16A93284-5EFA-40DB-90BD-F6E7E96F9655} = {8A367DDA-5161-A942-4F09-60E4726C9306}
		{3524C321-24AB-4F9F-9474-1E10101AD08D} = {8A367DDA-5161-A942-4F09-60E4726C9306}
		{5B58FCB3-18B9-405E-AD27-5DED5E39E5C6} = {8A367DDA-5161-A942-4F09-60E4726C9306}
		{D89EFAA3-BADC-495E-A2AD-533DE6ED4F2D} = {8A367DDA-5161-A942-4F09-60E4726C9306}
		{8F881E6A-95C7-41B9-9588-17BE7AE766C6} = {8A367DDA-5161-A942-4F09-60E4726C9306}
		{184B714F-5C6C-E6A7-CD0F-F3EC294AD277} = {8A367DDA-5161-A942-4F09-60E4726C9306}
		{8CEA6E03-2194-4DE4-9AE2-C58E481B4A3F} = {184B714F-5C6C-E6A7-CD0F-F3EC294AD277}
		{2A104CDB-442D-4FB7-9FB2-31A3F1FE891E} = {184B714F-5C6C-E6A7-CD0F-F3EC294AD277}
		{8CFF9529-985B-470E-A10E-761EC5E191EE} = {184B714F-5C6C-E6A7-CD0F-F3EC294AD277}
		{E64BCBE1-E3A7-4F37-81C6-52820651846A} = {184B714F-5C6C-E6A7-CD0F-F3EC294AD277}
		{A1F60DBC-9A7F-444B-8CD4-A48265C01A1F} = {184B714F-5C6C-E6A7-CD0F-F3EC294AD277}
		{0A5DD24C-022C-ED9C-5A32-26D44E9A4B1B} = {8A367DDA-5161-A942-4F09-60E4726C9306}
		{6443D384-373A-4E74-999B-D0A283CAC53D} = {0A5DD24C-022C-ED9C-5A32-26D44E9A4B1B}
		{09DC9AC2-3A7C-43F4-BB77-D648353A9D41} = {0A5DD24C-022C-ED9C-5A32-26D44E9A4B1B}
		{7CC4659A-B334-409A-B5F1-565FC2C06E0A} = {0A5DD24C-022C-ED9C-5A32-26D44E9A4B1B}
		{EC3FC792-9764-4573-9028-CAB48ECCD914} = {0A5DD24C-022C-ED9C-5A32-26D44E9A4B1B}
		{DABAD5E6-2DE4-4763-86FF-ADD0C7DD2B9B} = {0A5DD24C-022C-ED9C-5A32-26D44E9A4B1B}
		{3685BDA9-B8B9-415F-B84C-41E6AB2A35DC} = {8A367DDA-5161-A942-4F09-60E4726C9306}
		{68B06036-516C-41BB-8939-9A8ACEE33728} = {3685BDA9-B8B9-415F-B84C-41E6AB2A35DC}
		{B72F819B-5A44-4A3F-BB88-0D2F4E41062E} = {3685BDA9-B8B9-415F-B84C-41E6AB2A35DC}
		{B1F46DF8-1805-492C-8AD5-2343912AA50C} = {3685BDA9-B8B9-415F-B84C-41E6AB2A35DC}
		{E1D73D08-4B1C-42BD-B65D-25D90ECDBE45} = {3685BDA9-B8B9-415F-B84C-41E6AB2A35DC}
		{318C05A0-6EDC-4E52-A563-A329B05E4FE4} = {3685BDA9-B8B9-415F-B84C-41E6AB2A35DC}
		{1008605C-481D-D2CD-4FAD-CA3FBDA520D2} = {8A367DDA-5161-A942-4F09-60E4726C9306}
	EndGlobalSection
EndGlobal
